// !$*UTF8*$!
{
	archiveVersion = 1;
	classes = {
	};
	objectVersion = 46;
	objects = {

/* Begin PBXBuildFile section */
		890482A01CD829020086BCC8 /* DetailViewCell.swift in Sources */ = {isa = PBXBuildFile; fileRef = 8904829F1CD829020086BCC8 /* DetailViewCell.swift */; };
		890482A21CD82B480086BCC8 /* ContentRepository.swift in Sources */ = {isa = PBXBuildFile; fileRef = 890482A11CD82B480086BCC8 /* ContentRepository.swift */; };
		8917D82D1CDC408600707419 /* PostViewController.swift in Sources */ = {isa = PBXBuildFile; fileRef = 8917D82C1CDC408600707419 /* PostViewController.swift */; };
		8967041E1CD77B2800041C8C /* AppDelegate.swift in Sources */ = {isa = PBXBuildFile; fileRef = 8967041D1CD77B2800041C8C /* AppDelegate.swift */; };
		896704201CD77B2800041C8C /* MasterViewController.swift in Sources */ = {isa = PBXBuildFile; fileRef = 8967041F1CD77B2800041C8C /* MasterViewController.swift */; };
		896704221CD77B2800041C8C /* DetailViewController.swift in Sources */ = {isa = PBXBuildFile; fileRef = 896704211CD77B2800041C8C /* DetailViewController.swift */; };
		896704251CD77B2800041C8C /* Main.storyboard in Resources */ = {isa = PBXBuildFile; fileRef = 896704231CD77B2800041C8C /* Main.storyboard */; };
		896704271CD77B2800041C8C /* Assets.xcassets in Resources */ = {isa = PBXBuildFile; fileRef = 896704261CD77B2800041C8C /* Assets.xcassets */; };
		8967042A1CD77B2800041C8C /* LaunchScreen.storyboard in Resources */ = {isa = PBXBuildFile; fileRef = 896704281CD77B2800041C8C /* LaunchScreen.storyboard */; };
		896704351CD77B2800041C8C /* linkerTests.swift in Sources */ = {isa = PBXBuildFile; fileRef = 896704341CD77B2800041C8C /* linkerTests.swift */; };
		896704401CD77B2800041C8C /* linkerUITests.swift in Sources */ = {isa = PBXBuildFile; fileRef = 8967043F1CD77B2800041C8C /* linkerUITests.swift */; };
		898A8E431CE0851C006BB581 /* Photos.framework in Frameworks */ = {isa = PBXBuildFile; fileRef = 898A8E421CE0851C006BB581 /* Photos.framework */; };
		89A828241CD8824E00BE9788 /* CategoryRepository.swift in Sources */ = {isa = PBXBuildFile; fileRef = 89A828231CD8824E00BE9788 /* CategoryRepository.swift */; };
		89A828261CD884E200BE9788 /* RootRepository.swift in Sources */ = {isa = PBXBuildFile; fileRef = 89A828251CD884E200BE9788 /* RootRepository.swift */; };
		89A828281CD89A6E00BE9788 /* UserRepository.swift in Sources */ = {isa = PBXBuildFile; fileRef = 89A828271CD89A6E00BE9788 /* UserRepository.swift */; };
		89A8282B1CD9B5FB00BE9788 /* DeviceConst.swift in Sources */ = {isa = PBXBuildFile; fileRef = 89A8282A1CD9B5FB00BE9788 /* DeviceConst.swift */; };
		89A8282D1CDA350400BE9788 /* ChatViewController.swift in Sources */ = {isa = PBXBuildFile; fileRef = 89A8282C1CDA350400BE9788 /* ChatViewController.swift */; };
		89A8282F1CDA351F00BE9788 /* ChatTimeLineViewController.swift in Sources */ = {isa = PBXBuildFile; fileRef = 89A8282E1CDA351F00BE9788 /* ChatTimeLineViewController.swift */; };
		89D5179C1CDB96F200E3140D /* PostView.xib in Resources */ = {isa = PBXBuildFile; fileRef = 89D5179B1CDB96F200E3140D /* PostView.xib */; };
		89D9D9441CD786F5002E2EAF /* DetailViewCell.xib in Resources */ = {isa = PBXBuildFile; fileRef = 89D9D9431CD786F5002E2EAF /* DetailViewCell.xib */; };
		89D9D9461CD78FC4002E2EAF /* TimeLineRepository.swift in Sources */ = {isa = PBXBuildFile; fileRef = 89D9D9451CD78FC4002E2EAF /* TimeLineRepository.swift */; };
		BC1F4B75C7C00D99E66A0E04 /* Pods_linker.framework in Frameworks */ = {isa = PBXBuildFile; fileRef = 09D03C7BAD355C0A0855722E /* Pods_linker.framework */; };
/* End PBXBuildFile section */

/* Begin PBXContainerItemProxy section */
		896704311CD77B2800041C8C /* PBXContainerItemProxy */ = {
			isa = PBXContainerItemProxy;
			containerPortal = 896704121CD77B2700041C8C /* Project object */;
			proxyType = 1;
			remoteGlobalIDString = 896704191CD77B2800041C8C;
			remoteInfo = linker;
		};
		8967043C1CD77B2800041C8C /* PBXContainerItemProxy */ = {
			isa = PBXContainerItemProxy;
			containerPortal = 896704121CD77B2700041C8C /* Project object */;
			proxyType = 1;
			remoteGlobalIDString = 896704191CD77B2800041C8C;
			remoteInfo = linker;
		};
/* End PBXContainerItemProxy section */

/* Begin PBXFileReference section */
		09D03C7BAD355C0A0855722E /* Pods_linker.framework */ = {isa = PBXFileReference; explicitFileType = wrapper.framework; includeInIndex = 0; path = Pods_linker.framework; sourceTree = BUILT_PRODUCTS_DIR; };
		4F74384DC1C92182319A30EA /* Pods-linker.release.xcconfig */ = {isa = PBXFileReference; includeInIndex = 1; lastKnownFileType = text.xcconfig; name = "Pods-linker.release.xcconfig"; path = "Pods/Target Support Files/Pods-linker/Pods-linker.release.xcconfig"; sourceTree = "<group>"; };
		840E3377B8D52FC05E765D93 /* Pods-linker.debug.xcconfig */ = {isa = PBXFileReference; includeInIndex = 1; lastKnownFileType = text.xcconfig; name = "Pods-linker.debug.xcconfig"; path = "Pods/Target Support Files/Pods-linker/Pods-linker.debug.xcconfig"; sourceTree = "<group>"; };
		8904829F1CD829020086BCC8 /* DetailViewCell.swift */ = {isa = PBXFileReference; fileEncoding = 4; lastKnownFileType = sourcecode.swift; path = DetailViewCell.swift; sourceTree = "<group>"; };
		890482A11CD82B480086BCC8 /* ContentRepository.swift */ = {isa = PBXFileReference; fileEncoding = 4; lastKnownFileType = sourcecode.swift; path = ContentRepository.swift; sourceTree = "<group>"; };
		8917D82C1CDC408600707419 /* PostViewController.swift */ = {isa = PBXFileReference; fileEncoding = 4; lastKnownFileType = sourcecode.swift; path = PostViewController.swift; sourceTree = "<group>"; };
		8967041A1CD77B2800041C8C /* linker.app */ = {isa = PBXFileReference; explicitFileType = wrapper.application; includeInIndex = 0; path = linker.app; sourceTree = BUILT_PRODUCTS_DIR; };
		8967041D1CD77B2800041C8C /* AppDelegate.swift */ = {isa = PBXFileReference; lastKnownFileType = sourcecode.swift; path = AppDelegate.swift; sourceTree = "<group>"; };
		8967041F1CD77B2800041C8C /* MasterViewController.swift */ = {isa = PBXFileReference; lastKnownFileType = sourcecode.swift; path = MasterViewController.swift; sourceTree = "<group>"; };
		896704211CD77B2800041C8C /* DetailViewController.swift */ = {isa = PBXFileReference; lastKnownFileType = sourcecode.swift; path = DetailViewController.swift; sourceTree = "<group>"; };
		896704241CD77B2800041C8C /* Base */ = {isa = PBXFileReference; lastKnownFileType = file.storyboard; name = Base; path = Base.lproj/Main.storyboard; sourceTree = "<group>"; };
		896704261CD77B2800041C8C /* Assets.xcassets */ = {isa = PBXFileReference; lastKnownFileType = folder.assetcatalog; path = Assets.xcassets; sourceTree = "<group>"; };
		896704291CD77B2800041C8C /* Base */ = {isa = PBXFileReference; lastKnownFileType = file.storyboard; name = Base; path = Base.lproj/LaunchScreen.storyboard; sourceTree = "<group>"; };
		8967042B1CD77B2800041C8C /* Info.plist */ = {isa = PBXFileReference; lastKnownFileType = text.plist.xml; path = Info.plist; sourceTree = "<group>"; };
		896704301CD77B2800041C8C /* linkerTests.xctest */ = {isa = PBXFileReference; explicitFileType = wrapper.cfbundle; includeInIndex = 0; path = linkerTests.xctest; sourceTree = BUILT_PRODUCTS_DIR; };
		896704341CD77B2800041C8C /* linkerTests.swift */ = {isa = PBXFileReference; lastKnownFileType = sourcecode.swift; path = linkerTests.swift; sourceTree = "<group>"; };
		896704361CD77B2800041C8C /* Info.plist */ = {isa = PBXFileReference; lastKnownFileType = text.plist.xml; path = Info.plist; sourceTree = "<group>"; };
		8967043B1CD77B2800041C8C /* linkerUITests.xctest */ = {isa = PBXFileReference; explicitFileType = wrapper.cfbundle; includeInIndex = 0; path = linkerUITests.xctest; sourceTree = BUILT_PRODUCTS_DIR; };
		8967043F1CD77B2800041C8C /* linkerUITests.swift */ = {isa = PBXFileReference; lastKnownFileType = sourcecode.swift; path = linkerUITests.swift; sourceTree = "<group>"; };
		896704411CD77B2800041C8C /* Info.plist */ = {isa = PBXFileReference; lastKnownFileType = text.plist.xml; path = Info.plist; sourceTree = "<group>"; };
		898A8E421CE0851C006BB581 /* Photos.framework */ = {isa = PBXFileReference; lastKnownFileType = wrapper.framework; name = Photos.framework; path = System/Library/Frameworks/Photos.framework; sourceTree = SDKROOT; };
		89A828231CD8824E00BE9788 /* CategoryRepository.swift */ = {isa = PBXFileReference; fileEncoding = 4; lastKnownFileType = sourcecode.swift; path = CategoryRepository.swift; sourceTree = "<group>"; };
		89A828251CD884E200BE9788 /* RootRepository.swift */ = {isa = PBXFileReference; fileEncoding = 4; lastKnownFileType = sourcecode.swift; path = RootRepository.swift; sourceTree = "<group>"; };
		89A828271CD89A6E00BE9788 /* UserRepository.swift */ = {isa = PBXFileReference; fileEncoding = 4; lastKnownFileType = sourcecode.swift; path = UserRepository.swift; sourceTree = "<group>"; };
		89A8282A1CD9B5FB00BE9788 /* DeviceConst.swift */ = {isa = PBXFileReference; fileEncoding = 4; lastKnownFileType = sourcecode.swift; path = DeviceConst.swift; sourceTree = "<group>"; };
		89A8282C1CDA350400BE9788 /* ChatViewController.swift */ = {isa = PBXFileReference; fileEncoding = 4; lastKnownFileType = sourcecode.swift; path = ChatViewController.swift; sourceTree = "<group>"; };
		89A8282E1CDA351F00BE9788 /* ChatTimeLineViewController.swift */ = {isa = PBXFileReference; fileEncoding = 4; lastKnownFileType = sourcecode.swift; path = ChatTimeLineViewController.swift; sourceTree = "<group>"; };
		89D5179B1CDB96F200E3140D /* PostView.xib */ = {isa = PBXFileReference; fileEncoding = 4; lastKnownFileType = file.xib; path = PostView.xib; sourceTree = "<group>"; };
		89D9D9431CD786F5002E2EAF /* DetailViewCell.xib */ = {isa = PBXFileReference; fileEncoding = 4; lastKnownFileType = file.xib; path = DetailViewCell.xib; sourceTree = "<group>"; };
		89D9D9451CD78FC4002E2EAF /* TimeLineRepository.swift */ = {isa = PBXFileReference; fileEncoding = 4; lastKnownFileType = sourcecode.swift; path = TimeLineRepository.swift; sourceTree = "<group>"; };
/* End PBXFileReference section */

/* Begin PBXFrameworksBuildPhase section */
		896704171CD77B2800041C8C /* Frameworks */ = {
			isa = PBXFrameworksBuildPhase;
			buildActionMask = 2147483647;
			files = (
				898A8E431CE0851C006BB581 /* Photos.framework in Frameworks */,
				BC1F4B75C7C00D99E66A0E04 /* Pods_linker.framework in Frameworks */,
			);
			runOnlyForDeploymentPostprocessing = 0;
		};
		8967042D1CD77B2800041C8C /* Frameworks */ = {
			isa = PBXFrameworksBuildPhase;
			buildActionMask = 2147483647;
			files = (
			);
			runOnlyForDeploymentPostprocessing = 0;
		};
		896704381CD77B2800041C8C /* Frameworks */ = {
			isa = PBXFrameworksBuildPhase;
			buildActionMask = 2147483647;
			files = (
			);
			runOnlyForDeploymentPostprocessing = 0;
		};
/* End PBXFrameworksBuildPhase section */

/* Begin PBXGroup section */
		896704111CD77B2700041C8C = {
			isa = PBXGroup;
			children = (
				8967041C1CD77B2800041C8C /* linker */,
				896704331CD77B2800041C8C /* linkerTests */,
				8967043E1CD77B2800041C8C /* linkerUITests */,
				8967041B1CD77B2800041C8C /* Products */,
				A8AE611D93916DDE81AFF227 /* Pods */,
				C2D5E0391E6BD8BDBD2F160D /* Frameworks */,
			);
			sourceTree = "<group>";
		};
		8967041B1CD77B2800041C8C /* Products */ = {
			isa = PBXGroup;
			children = (
				8967041A1CD77B2800041C8C /* linker.app */,
				896704301CD77B2800041C8C /* linkerTests.xctest */,
				8967043B1CD77B2800041C8C /* linkerUITests.xctest */,
			);
			name = Products;
			sourceTree = "<group>";
		};
		8967041C1CD77B2800041C8C /* linker */ = {
			isa = PBXGroup;
			children = (
				89D9D9421CD78615002E2EAF /* Repository */,
				89D9D9411CD78604002E2EAF /* ViewController */,
				89D9D9401CD7859C002E2EAF /* View */,
				8967041D1CD77B2800041C8C /* AppDelegate.swift */,
				8967041F1CD77B2800041C8C /* MasterViewController.swift */,
				896704211CD77B2800041C8C /* DetailViewController.swift */,
				896704231CD77B2800041C8C /* Main.storyboard */,
				896704261CD77B2800041C8C /* Assets.xcassets */,
				896704281CD77B2800041C8C /* LaunchScreen.storyboard */,
				8967042B1CD77B2800041C8C /* Info.plist */,
				89A8282A1CD9B5FB00BE9788 /* DeviceConst.swift */,
			);
			path = linker;
			sourceTree = "<group>";
		};
		896704331CD77B2800041C8C /* linkerTests */ = {
			isa = PBXGroup;
			children = (
				896704341CD77B2800041C8C /* linkerTests.swift */,
				896704361CD77B2800041C8C /* Info.plist */,
			);
			path = linkerTests;
			sourceTree = "<group>";
		};
		8967043E1CD77B2800041C8C /* linkerUITests */ = {
			isa = PBXGroup;
			children = (
				8967043F1CD77B2800041C8C /* linkerUITests.swift */,
				896704411CD77B2800041C8C /* Info.plist */,
			);
			path = linkerUITests;
			sourceTree = "<group>";
		};
		89D9D9401CD7859C002E2EAF /* View */ = {
			isa = PBXGroup;
			children = (
				89D9D9431CD786F5002E2EAF /* DetailViewCell.xib */,
				8904829F1CD829020086BCC8 /* DetailViewCell.swift */,
				89D5179B1CDB96F200E3140D /* PostView.xib */,
				8917D82C1CDC408600707419 /* PostViewController.swift */,
			);
			path = View;
			sourceTree = "<group>";
		};
		89D9D9411CD78604002E2EAF /* ViewController */ = {
			isa = PBXGroup;
			children = (
				89A8282C1CDA350400BE9788 /* ChatViewController.swift */,
				89A8282E1CDA351F00BE9788 /* ChatTimeLineViewController.swift */,
			);
			path = ViewController;
			sourceTree = "<group>";
		};
		89D9D9421CD78615002E2EAF /* Repository */ = {
			isa = PBXGroup;
			children = (
				89D9D9451CD78FC4002E2EAF /* TimeLineRepository.swift */,
				890482A11CD82B480086BCC8 /* ContentRepository.swift */,
				89A828231CD8824E00BE9788 /* CategoryRepository.swift */,
				89A828251CD884E200BE9788 /* RootRepository.swift */,
				89A828271CD89A6E00BE9788 /* UserRepository.swift */,
			);
			path = Repository;
			sourceTree = "<group>";
		};
		A8AE611D93916DDE81AFF227 /* Pods */ = {
			isa = PBXGroup;
			children = (
				840E3377B8D52FC05E765D93 /* Pods-linker.debug.xcconfig */,
				4F74384DC1C92182319A30EA /* Pods-linker.release.xcconfig */,
			);
			name = Pods;
			sourceTree = "<group>";
		};
		C2D5E0391E6BD8BDBD2F160D /* Frameworks */ = {
			isa = PBXGroup;
			children = (
				898A8E421CE0851C006BB581 /* Photos.framework */,
				09D03C7BAD355C0A0855722E /* Pods_linker.framework */,
			);
			name = Frameworks;
			sourceTree = "<group>";
		};
/* End PBXGroup section */

/* Begin PBXNativeTarget section */
		896704191CD77B2800041C8C /* linker */ = {
			isa = PBXNativeTarget;
			buildConfigurationList = 896704441CD77B2800041C8C /* Build configuration list for PBXNativeTarget "linker" */;
			buildPhases = (
				2A015F0C064A22008A7E276D /* Check Pods Manifest.lock */,
				896704161CD77B2800041C8C /* Sources */,
				896704171CD77B2800041C8C /* Frameworks */,
				896704181CD77B2800041C8C /* Resources */,
				D84CE102EAD6FC5447F2D0C2 /* Embed Pods Frameworks */,
				31CCCECF7615197905A39C77 /* Copy Pods Resources */,
				89D9D93E1CD781AB002E2EAF /* ShellScript */,
			);
			buildRules = (
			);
			dependencies = (
			);
			name = linker;
			productName = linker;
			productReference = 8967041A1CD77B2800041C8C /* linker.app */;
			productType = "com.apple.product-type.application";
		};
		8967042F1CD77B2800041C8C /* linkerTests */ = {
			isa = PBXNativeTarget;
			buildConfigurationList = 896704471CD77B2800041C8C /* Build configuration list for PBXNativeTarget "linkerTests" */;
			buildPhases = (
				8967042C1CD77B2800041C8C /* Sources */,
				8967042D1CD77B2800041C8C /* Frameworks */,
				8967042E1CD77B2800041C8C /* Resources */,
			);
			buildRules = (
			);
			dependencies = (
				896704321CD77B2800041C8C /* PBXTargetDependency */,
			);
			name = linkerTests;
			productName = linkerTests;
			productReference = 896704301CD77B2800041C8C /* linkerTests.xctest */;
			productType = "com.apple.product-type.bundle.unit-test";
		};
		8967043A1CD77B2800041C8C /* linkerUITests */ = {
			isa = PBXNativeTarget;
			buildConfigurationList = 8967044A1CD77B2800041C8C /* Build configuration list for PBXNativeTarget "linkerUITests" */;
			buildPhases = (
				896704371CD77B2800041C8C /* Sources */,
				896704381CD77B2800041C8C /* Frameworks */,
				896704391CD77B2800041C8C /* Resources */,
			);
			buildRules = (
			);
			dependencies = (
				8967043D1CD77B2800041C8C /* PBXTargetDependency */,
			);
			name = linkerUITests;
			productName = linkerUITests;
			productReference = 8967043B1CD77B2800041C8C /* linkerUITests.xctest */;
			productType = "com.apple.product-type.bundle.ui-testing";
		};
/* End PBXNativeTarget section */

/* Begin PBXProject section */
		896704121CD77B2700041C8C /* Project object */ = {
			isa = PBXProject;
			attributes = {
				LastSwiftUpdateCheck = 0720;
				LastUpgradeCheck = 0720;
				ORGANIZATIONNAME = "Citron Syrup";
				TargetAttributes = {
					896704191CD77B2800041C8C = {
						CreatedOnToolsVersion = 7.2;
						DevelopmentTeam = VV39TRX5AB;
					};
					8967042F1CD77B2800041C8C = {
						CreatedOnToolsVersion = 7.2;
						TestTargetID = 896704191CD77B2800041C8C;
					};
					8967043A1CD77B2800041C8C = {
						CreatedOnToolsVersion = 7.2;
						TestTargetID = 896704191CD77B2800041C8C;
					};
				};
			};
			buildConfigurationList = 896704151CD77B2700041C8C /* Build configuration list for PBXProject "linker" */;
			compatibilityVersion = "Xcode 3.2";
			developmentRegion = English;
			hasScannedForEncodings = 0;
			knownRegions = (
				en,
				Base,
			);
			mainGroup = 896704111CD77B2700041C8C;
			productRefGroup = 8967041B1CD77B2800041C8C /* Products */;
			projectDirPath = "";
			projectRoot = "";
			targets = (
				896704191CD77B2800041C8C /* linker */,
				8967042F1CD77B2800041C8C /* linkerTests */,
				8967043A1CD77B2800041C8C /* linkerUITests */,
			);
		};
/* End PBXProject section */

/* Begin PBXResourcesBuildPhase section */
		896704181CD77B2800041C8C /* Resources */ = {
			isa = PBXResourcesBuildPhase;
			buildActionMask = 2147483647;
			files = (
				8967042A1CD77B2800041C8C /* LaunchScreen.storyboard in Resources */,
				89D9D9441CD786F5002E2EAF /* DetailViewCell.xib in Resources */,
				89D5179C1CDB96F200E3140D /* PostView.xib in Resources */,
				896704271CD77B2800041C8C /* Assets.xcassets in Resources */,
				896704251CD77B2800041C8C /* Main.storyboard in Resources */,
			);
			runOnlyForDeploymentPostprocessing = 0;
		};
		8967042E1CD77B2800041C8C /* Resources */ = {
			isa = PBXResourcesBuildPhase;
			buildActionMask = 2147483647;
			files = (
			);
			runOnlyForDeploymentPostprocessing = 0;
		};
		896704391CD77B2800041C8C /* Resources */ = {
			isa = PBXResourcesBuildPhase;
			buildActionMask = 2147483647;
			files = (
			);
			runOnlyForDeploymentPostprocessing = 0;
		};
/* End PBXResourcesBuildPhase section */

/* Begin PBXShellScriptBuildPhase section */
		2A015F0C064A22008A7E276D /* Check Pods Manifest.lock */ = {
			isa = PBXShellScriptBuildPhase;
			buildActionMask = 2147483647;
			files = (
			);
			inputPaths = (
			);
			name = "Check Pods Manifest.lock";
			outputPaths = (
			);
			runOnlyForDeploymentPostprocessing = 0;
			shellPath = /bin/sh;
			shellScript = "diff \"${PODS_ROOT}/../Podfile.lock\" \"${PODS_ROOT}/Manifest.lock\" > /dev/null\nif [[ $? != 0 ]] ; then\n    cat << EOM\nerror: The sandbox is not in sync with the Podfile.lock. Run 'pod install' or update your CocoaPods installation.\nEOM\n    exit 1\nfi\n";
			showEnvVarsInLog = 0;
		};
		31CCCECF7615197905A39C77 /* Copy Pods Resources */ = {
			isa = PBXShellScriptBuildPhase;
			buildActionMask = 2147483647;
			files = (
			);
			inputPaths = (
			);
			name = "Copy Pods Resources";
			outputPaths = (
			);
			runOnlyForDeploymentPostprocessing = 0;
			shellPath = /bin/sh;
			shellScript = "\"${SRCROOT}/Pods/Target Support Files/Pods-linker/Pods-linker-resources.sh\"\n";
			showEnvVarsInLog = 0;
		};
		89D9D93E1CD781AB002E2EAF /* ShellScript */ = {
			isa = PBXShellScriptBuildPhase;
			buildActionMask = 2147483647;
			files = (
			);
			inputPaths = (
			);
			outputPaths = (
			);
			runOnlyForDeploymentPostprocessing = 0;
			shellPath = /bin/sh;
			shellScript = "\"${PODS_ROOT}/Fabric/run\" dedb8ae82a73a7f65468356b49fb24a31d447321 039f08271f914cdd9a7c6f7f950b26825fd1b892d50c6354afd0465bebfc9887";
		};
		D84CE102EAD6FC5447F2D0C2 /* Embed Pods Frameworks */ = {
			isa = PBXShellScriptBuildPhase;
			buildActionMask = 2147483647;
			files = (
			);
			inputPaths = (
			);
			name = "Embed Pods Frameworks";
			outputPaths = (
			);
			runOnlyForDeploymentPostprocessing = 0;
			shellPath = /bin/sh;
			shellScript = "\"${SRCROOT}/Pods/Target Support Files/Pods-linker/Pods-linker-frameworks.sh\"\n";
			showEnvVarsInLog = 0;
		};
/* End PBXShellScriptBuildPhase section */

/* Begin PBXSourcesBuildPhase section */
		896704161CD77B2800041C8C /* Sources */ = {
			isa = PBXSourcesBuildPhase;
			buildActionMask = 2147483647;
			files = (
				896704221CD77B2800041C8C /* DetailViewController.swift in Sources */,
				890482A21CD82B480086BCC8 /* ContentRepository.swift in Sources */,
				89A8282D1CDA350400BE9788 /* ChatViewController.swift in Sources */,
				89A828281CD89A6E00BE9788 /* UserRepository.swift in Sources */,
				89D9D9461CD78FC4002E2EAF /* TimeLineRepository.swift in Sources */,
				89A828261CD884E200BE9788 /* RootRepository.swift in Sources */,
				89A8282B1CD9B5FB00BE9788 /* DeviceConst.swift in Sources */,
				890482A01CD829020086BCC8 /* DetailViewCell.swift in Sources */,
				89A828241CD8824E00BE9788 /* CategoryRepository.swift in Sources */,
				896704201CD77B2800041C8C /* MasterViewController.swift in Sources */,
				89A8282F1CDA351F00BE9788 /* ChatTimeLineViewController.swift in Sources */,
				8917D82D1CDC408600707419 /* PostViewController.swift in Sources */,
				8967041E1CD77B2800041C8C /* AppDelegate.swift in Sources */,
			);
			runOnlyForDeploymentPostprocessing = 0;
		};
		8967042C1CD77B2800041C8C /* Sources */ = {
			isa = PBXSourcesBuildPhase;
			buildActionMask = 2147483647;
			files = (
				896704351CD77B2800041C8C /* linkerTests.swift in Sources */,
			);
			runOnlyForDeploymentPostprocessing = 0;
		};
		896704371CD77B2800041C8C /* Sources */ = {
			isa = PBXSourcesBuildPhase;
			buildActionMask = 2147483647;
			files = (
				896704401CD77B2800041C8C /* linkerUITests.swift in Sources */,
			);
			runOnlyForDeploymentPostprocessing = 0;
		};
/* End PBXSourcesBuildPhase section */

/* Begin PBXTargetDependency section */
		896704321CD77B2800041C8C /* PBXTargetDependency */ = {
			isa = PBXTargetDependency;
			target = 896704191CD77B2800041C8C /* linker */;
			targetProxy = 896704311CD77B2800041C8C /* PBXContainerItemProxy */;
		};
		8967043D1CD77B2800041C8C /* PBXTargetDependency */ = {
			isa = PBXTargetDependency;
			target = 896704191CD77B2800041C8C /* linker */;
			targetProxy = 8967043C1CD77B2800041C8C /* PBXContainerItemProxy */;
		};
/* End PBXTargetDependency section */

/* Begin PBXVariantGroup section */
		896704231CD77B2800041C8C /* Main.storyboard */ = {
			isa = PBXVariantGroup;
			children = (
				896704241CD77B2800041C8C /* Base */,
			);
			name = Main.storyboard;
			sourceTree = "<group>";
		};
		896704281CD77B2800041C8C /* LaunchScreen.storyboard */ = {
			isa = PBXVariantGroup;
			children = (
				896704291CD77B2800041C8C /* Base */,
			);
			name = LaunchScreen.storyboard;
			sourceTree = "<group>";
		};
/* End PBXVariantGroup section */

/* Begin XCBuildConfiguration section */
		896704421CD77B2800041C8C /* Debug */ = {
			isa = XCBuildConfiguration;
			buildSettings = {
				ALWAYS_SEARCH_USER_PATHS = NO;
				CLANG_CXX_LANGUAGE_STANDARD = "gnu++0x";
				CLANG_CXX_LIBRARY = "libc++";
				CLANG_ENABLE_MODULES = YES;
				CLANG_ENABLE_OBJC_ARC = YES;
				CLANG_WARN_BOOL_CONVERSION = YES;
				CLANG_WARN_CONSTANT_CONVERSION = YES;
				CLANG_WARN_DIRECT_OBJC_ISA_USAGE = YES_ERROR;
				CLANG_WARN_EMPTY_BODY = YES;
				CLANG_WARN_ENUM_CONVERSION = YES;
				CLANG_WARN_INT_CONVERSION = YES;
				CLANG_WARN_OBJC_ROOT_CLASS = YES_ERROR;
				CLANG_WARN_UNREACHABLE_CODE = YES;
				CLANG_WARN__DUPLICATE_METHOD_MATCH = YES;
				"CODE_SIGN_IDENTITY[sdk=iphoneos*]" = "iPhone Developer";
				COPY_PHASE_STRIP = NO;
				DEBUG_INFORMATION_FORMAT = dwarf;
				ENABLE_STRICT_OBJC_MSGSEND = YES;
				ENABLE_TESTABILITY = YES;
				GCC_C_LANGUAGE_STANDARD = gnu99;
				GCC_DYNAMIC_NO_PIC = NO;
				GCC_NO_COMMON_BLOCKS = YES;
				GCC_OPTIMIZATION_LEVEL = 0;
				GCC_PREPROCESSOR_DEFINITIONS = (
					"DEBUG=1",
					"$(inherited)",
				);
				GCC_WARN_64_TO_32_BIT_CONVERSION = YES;
				GCC_WARN_ABOUT_RETURN_TYPE = YES_ERROR;
				GCC_WARN_UNDECLARED_SELECTOR = YES;
				GCC_WARN_UNINITIALIZED_AUTOS = YES_AGGRESSIVE;
				GCC_WARN_UNUSED_FUNCTION = YES;
				GCC_WARN_UNUSED_VARIABLE = YES;
				IPHONEOS_DEPLOYMENT_TARGET = 9.2;
				MTL_ENABLE_DEBUG_INFO = YES;
				ONLY_ACTIVE_ARCH = YES;
				SDKROOT = iphoneos;
				SWIFT_OPTIMIZATION_LEVEL = "-Onone";
			};
			name = Debug;
		};
		896704431CD77B2800041C8C /* Release */ = {
			isa = XCBuildConfiguration;
			buildSettings = {
				ALWAYS_SEARCH_USER_PATHS = NO;
				CLANG_CXX_LANGUAGE_STANDARD = "gnu++0x";
				CLANG_CXX_LIBRARY = "libc++";
				CLANG_ENABLE_MODULES = YES;
				CLANG_ENABLE_OBJC_ARC = YES;
				CLANG_WARN_BOOL_CONVERSION = YES;
				CLANG_WARN_CONSTANT_CONVERSION = YES;
				CLANG_WARN_DIRECT_OBJC_ISA_USAGE = YES_ERROR;
				CLANG_WARN_EMPTY_BODY = YES;
				CLANG_WARN_ENUM_CONVERSION = YES;
				CLANG_WARN_INT_CONVERSION = YES;
				CLANG_WARN_OBJC_ROOT_CLASS = YES_ERROR;
				CLANG_WARN_UNREACHABLE_CODE = YES;
				CLANG_WARN__DUPLICATE_METHOD_MATCH = YES;
				"CODE_SIGN_IDENTITY[sdk=iphoneos*]" = "iPhone Developer";
				COPY_PHASE_STRIP = NO;
				DEBUG_INFORMATION_FORMAT = "dwarf-with-dsym";
				ENABLE_NS_ASSERTIONS = NO;
				ENABLE_STRICT_OBJC_MSGSEND = YES;
				GCC_C_LANGUAGE_STANDARD = gnu99;
				GCC_NO_COMMON_BLOCKS = YES;
				GCC_WARN_64_TO_32_BIT_CONVERSION = YES;
				GCC_WARN_ABOUT_RETURN_TYPE = YES_ERROR;
				GCC_WARN_UNDECLARED_SELECTOR = YES;
				GCC_WARN_UNINITIALIZED_AUTOS = YES_AGGRESSIVE;
				GCC_WARN_UNUSED_FUNCTION = YES;
				GCC_WARN_UNUSED_VARIABLE = YES;
				IPHONEOS_DEPLOYMENT_TARGET = 9.2;
				MTL_ENABLE_DEBUG_INFO = NO;
				SDKROOT = iphoneos;
				VALIDATE_PRODUCT = YES;
			};
			name = Release;
		};
		896704451CD77B2800041C8C /* Debug */ = {
			isa = XCBuildConfiguration;
			baseConfigurationReference = 840E3377B8D52FC05E765D93 /* Pods-linker.debug.xcconfig */;
			buildSettings = {
				ASSETCATALOG_COMPILER_APPICON_NAME = AppIcon;
				CODE_SIGN_IDENTITY = "iPhone Developer";
				"CODE_SIGN_IDENTITY[sdk=iphoneos*]" = "iPhone Developer";
				INFOPLIST_FILE = linker/Info.plist;
				IPHONEOS_DEPLOYMENT_TARGET = 9.0;
				LD_RUNPATH_SEARCH_PATHS = "$(inherited)";
				PRODUCT_BUNDLE_IDENTIFIER = com.citronsyrup.linker;
				PRODUCT_NAME = "$(TARGET_NAME)";
				PROVISIONING_PROFILE = "";
			};
			name = Debug;
		};
		896704461CD77B2800041C8C /* Release */ = {
			isa = XCBuildConfiguration;
			baseConfigurationReference = 4F74384DC1C92182319A30EA /* Pods-linker.release.xcconfig */;
			buildSettings = {
				ASSETCATALOG_COMPILER_APPICON_NAME = AppIcon;
				CODE_SIGN_IDENTITY = "iPhone Developer";
				"CODE_SIGN_IDENTITY[sdk=iphoneos*]" = "iPhone Developer";
				INFOPLIST_FILE = linker/Info.plist;
				IPHONEOS_DEPLOYMENT_TARGET = 9.0;
				LD_RUNPATH_SEARCH_PATHS = "$(inherited)";
				PRODUCT_BUNDLE_IDENTIFIER = com.citronsyrup.linker;
				PRODUCT_NAME = "$(TARGET_NAME)";
				PROVISIONING_PROFILE = "";
			};
			name = Release;
		};
		896704481CD77B2800041C8C /* Debug */ = {
			isa = XCBuildConfiguration;
			buildSettings = {
				BUNDLE_LOADER = "$(TEST_HOST)";
				INFOPLIST_FILE = linkerTests/Info.plist;
				LD_RUNPATH_SEARCH_PATHS = "$(inherited) @executable_path/Frameworks @loader_path/Frameworks";
				PRODUCT_BUNDLE_IDENTIFIER = com.citronsyrup.linker.linkerTests;
				PRODUCT_NAME = "$(TARGET_NAME)";
				TEST_HOST = "$(BUILT_PRODUCTS_DIR)/linker.app/linker";
			};
			name = Debug;
		};
		896704491CD77B2800041C8C /* Release */ = {
			isa = XCBuildConfiguration;
			buildSettings = {
				BUNDLE_LOADER = "$(TEST_HOST)";
				INFOPLIST_FILE = linkerTests/Info.plist;
				LD_RUNPATH_SEARCH_PATHS = "$(inherited) @executable_path/Frameworks @loader_path/Frameworks";
				PRODUCT_BUNDLE_IDENTIFIER = com.citronsyrup.linker.linkerTests;
				PRODUCT_NAME = "$(TARGET_NAME)";
				TEST_HOST = "$(BUILT_PRODUCTS_DIR)/linker.app/linker";
			};
			name = Release;
		};
		8967044B1CD77B2800041C8C /* Debug */ = {
			isa = XCBuildConfiguration;
			buildSettings = {
				INFOPLIST_FILE = linkerUITests/Info.plist;
				LD_RUNPATH_SEARCH_PATHS = "$(inherited) @executable_path/Frameworks @loader_path/Frameworks";
				PRODUCT_BUNDLE_IDENTIFIER = com.citronsyrup.linker.linkerUITests;
				PRODUCT_NAME = "$(TARGET_NAME)";
				TEST_TARGET_NAME = linker;
				USES_XCTRUNNER = YES;
			};
			name = Debug;
		};
		8967044C1CD77B2800041C8C /* Release */ = {
			isa = XCBuildConfiguration;
			buildSettings = {
				INFOPLIST_FILE = linkerUITests/Info.plist;
				LD_RUNPATH_SEARCH_PATHS = "$(inherited) @executable_path/Frameworks @loader_path/Frameworks";
				PRODUCT_BUNDLE_IDENTIFIER = com.citronsyrup.linker.linkerUITests;
				PRODUCT_NAME = "$(TARGET_NAME)";
				TEST_TARGET_NAME = linker;
				USES_XCTRUNNER = YES;
			};
			name = Release;
		};
/* End XCBuildConfiguration section */

/* Begin XCConfigurationList section */
		896704151CD77B2700041C8C /* Build configuration list for PBXProject "linker" */ = {
			isa = XCConfigurationList;
			buildConfigurations = (
				896704421CD77B2800041C8C /* Debug */,
				896704431CD77B2800041C8C /* Release */,
			);
			defaultConfigurationIsVisible = 0;
			defaultConfigurationName = Release;
		};
		896704441CD77B2800041C8C /* Build configuration list for PBXNativeTarget "linker" */ = {
			isa = XCConfigurationList;
			buildConfigurations = (
				896704451CD77B2800041C8C /* Debug */,
				896704461CD77B2800041C8C /* Release */,
			);
			defaultConfigurationIsVisible = 0;
			defaultConfigurationName = Release;
		};
		896704471CD77B2800041C8C /* Build configuration list for PBXNativeTarget "linkerTests" */ = {
			isa = XCConfigurationList;
			buildConfigurations = (
				896704481CD77B2800041C8C /* Debug */,
				896704491CD77B2800041C8C /* Release */,
			);
			defaultConfigurationIsVisible = 0;
			defaultConfigurationName = Release;
		};
		8967044A1CD77B2800041C8C /* Build configuration list for PBXNativeTarget "linkerUITests" */ = {
			isa = XCConfigurationList;
			buildConfigurations = (
				8967044B1CD77B2800041C8C /* Debug */,
				8967044C1CD77B2800041C8C /* Release */,
			);
			defaultConfigurationIsVisible = 0;
			defaultConfigurationName = Release;
		};
/* End XCConfigurationList section */
	};
	rootObject = 896704121CD77B2700041C8C /* Project object */;
}
